
Microsoft Visual Studio Solution File, Format Version 12.00
# Visual Studio Version 16
VisualStudioVersion = 16.0.30114.105
MinimumVisualStudioVersion = 10.0.40219.1
Project("{FAE04EC0-301F-11D3-BF4B-00C04F79EFBC}") = "projeto-reajuste", "projeto-reajuste.csproj", "{3303DE8C-3708-4D72-BFC9-D193DA451A5B}"
EndProject
Global
	GlobalSection(SolutionConfigurationPlatforms) = preSolution
		Debug|Any CPU = Debug|Any CPU
		Release|Any CPU = Release|Any CPU
	EndGlobalSection
	GlobalSection(ProjectConfigurationPlatforms) = postSolution
		{3303DE8C-3708-4D72-BFC9-D193DA451A5B}.Debug|Any CPU.ActiveCfg = Debug|Any CPU
		{3303DE8C-3708-4D72-BFC9-D193DA451A5B}.Debug|Any CPU.Build.0 = Debug|Any CPU
		{3303DE8C-3708-4D72-BFC9-D193DA451A5B}.Release|Any CPU.ActiveCfg = Release|Any CPU
		{3303DE8C-3708-4D72-BFC9-D193DA451A5B}.Release|Any CPU.Build.0 = Release|Any CPU
	EndGlobalSection
	GlobalSection(SolutionProperties) = preSolution
		HideSolutionNode = FALSE
	EndGlobalSection
	GlobalSection(ExtensibilityGlobals) = postSolution
		SolutionGuid = {45933AF1-DD7A-44A8-974A-C35C62B6C29D}
	EndGlobalSection
EndGlobal
